<?xml version="1.0" encoding="utf-8"?>
<Project ToolsVersion="4.0" xmlns="http://schemas.microsoft.com/developer/msbuild/2003">
  <ItemGroup>
    <Filter Include="소스 파일">
      <UniqueIdentifier>{4FC737F1-C7A5-4376-A066-2A32D752A2FF}</UniqueIdentifier>
      <Extensions>cpp;c;cc;cxx;def;odl;idl;hpj;bat;asm;asmx</Extensions>
    </Filter>
    <Filter Include="헤더 파일">
      <UniqueIdentifier>{93995380-89BD-4b04-88EB-625FBE52EBFB}</UniqueIdentifier>
      <Extensions>h;hh;hpp;hxx;hm;inl;inc;ipp;xsd</Extensions>
    </Filter>
    <Filter Include="리소스 파일">
      <UniqueIdentifier>{67DA6AB6-F800-4c08-8B7A-83BB121AAD01}</UniqueIdentifier>
      <Extensions>rc;ico;cur;bmp;dlg;rc2;rct;bin;rgs;gif;jpg;jpeg;jpe;resx;tiff;tif;png;wav;mfcribbon-ms</Extensions>
    </Filter>
    <Filter Include="소스 파일\BaekJoon">
      <UniqueIdentifier>{d9dcf904-ee67-4e48-9249-8e2b2780708e}</UniqueIdentifier>
    </Filter>
    <Filter Include="소스 파일\BaekJoon\Graph">
      <UniqueIdentifier>{38bc620a-b447-4963-abf8-61426a65cc4d}</UniqueIdentifier>
    </Filter>
    <Filter Include="소스 파일\BaekJoon\DP">
      <UniqueIdentifier>{9d4832a0-96b3-4f37-9001-fb914e870ef7}</UniqueIdentifier>
    </Filter>
    <Filter Include="소스 파일\BaekJoon\Greedy">
      <UniqueIdentifier>{cf807df6-5835-48c4-9082-3a2db4a88fd2}</UniqueIdentifier>
    </Filter>
    <Filter Include="소스 파일\BaekJoon\Brute Force">
      <UniqueIdentifier>{54ec1e85-6d12-48c8-ab55-57545b6341ec}</UniqueIdentifier>
    </Filter>
    <Filter Include="소스 파일\BaekJoon\Search">
      <UniqueIdentifier>{485921d1-d780-4939-8f10-bca0a6e30d27}</UniqueIdentifier>
    </Filter>
    <Filter Include="소스 파일\BaekJoon\ETC">
      <UniqueIdentifier>{10a6de85-671d-4f92-9f01-871079229b1e}</UniqueIdentifier>
    </Filter>
    <Filter Include="소스 파일\BaekJoon\Combination&amp;Permutation">
      <UniqueIdentifier>{f6522faf-09a8-4350-9413-a5997b969607}</UniqueIdentifier>
    </Filter>
    <Filter Include="소스 파일\BaekJoon\Simulation">
      <UniqueIdentifier>{4862a48f-6833-4073-a886-fab18f3b0ef7}</UniqueIdentifier>
    </Filter>
    <Filter Include="소스 파일\BaekJoon\String">
      <UniqueIdentifier>{0826a830-a59a-4019-9f2a-49d9187f55a8}</UniqueIdentifier>
    </Filter>
    <Filter Include="소스 파일\BaekJoon\Priority Queue">
      <UniqueIdentifier>{7b24361d-4ba0-4169-99c6-35f6f8828102}</UniqueIdentifier>
    </Filter>
    <Filter Include="소스 파일\BaekJoon\Deque">
      <UniqueIdentifier>{44e4088b-2c50-4bfc-a06d-7ff686ca526e}</UniqueIdentifier>
    </Filter>
    <Filter Include="소스 파일\BaekJoon\Graph\Dijkstra">
      <UniqueIdentifier>{d17450e0-f0be-4703-81d6-103fe362ce87}</UniqueIdentifier>
    </Filter>
    <Filter Include="소스 파일\BaekJoon\Structure">
      <UniqueIdentifier>{5b285fbc-3833-4257-8211-b208f0eadc5c}</UniqueIdentifier>
    </Filter>
    <Filter Include="소스 파일\BaekJoon\Graph\DFS/BFS">
      <UniqueIdentifier>{73debfbf-f369-4a9b-b328-98551789c892}</UniqueIdentifier>
    </Filter>
    <Filter Include="소스 파일\BaekJoon\Divide&amp;Conquer%28Recursion%29">
      <UniqueIdentifier>{8bc42009-3283-4618-a99c-7fd759fb3728}</UniqueIdentifier>
    </Filter>
    <Filter Include="소스 파일\BaekJoon\Sorting">
      <UniqueIdentifier>{428b2480-3a2a-43ac-92b9-9dc8d055114c}</UniqueIdentifier>
    </Filter>
    <Filter Include="소스 파일\BaekJoon\Graph\Bellman-Ford">
      <UniqueIdentifier>{795257e1-b35d-46db-af78-adb8fcdf896f}</UniqueIdentifier>
    </Filter>
    <Filter Include="소스 파일\BaekJoon\Graph\Union-Find%28Disjoint-set%29">
      <UniqueIdentifier>{ae787333-bab6-4809-9c15-a9f18b0be3e6}</UniqueIdentifier>
    </Filter>
    <Filter Include="소스 파일\BaekJoon\Graph\MST%28Kruskal, Prim%29">
      <UniqueIdentifier>{d44cb165-e14a-46d2-a4f6-0e2af5b1a59c}</UniqueIdentifier>
    </Filter>
    <Filter Include="소스 파일\BaekJoon\Graph\Floyd-Warshall">
      <UniqueIdentifier>{b86346cf-8c87-4ca7-9ed2-a815a1edd56a}</UniqueIdentifier>
    </Filter>
    <Filter Include="소스 파일\BaekJoon\Graph\Topological Sort">
      <UniqueIdentifier>{5c67b6f7-625e-4cb0-92fa-2ff290f46ee8}</UniqueIdentifier>
    </Filter>
    <Filter Include="소스 파일\BaekJoon\Segement Tree">
      <UniqueIdentifier>{3ae7edb3-b723-498d-831a-437921d4cbe5}</UniqueIdentifier>
    </Filter>
    <Filter Include="소스 파일\BaekJoon\실패, 블로그 참조">
      <UniqueIdentifier>{8ae908bc-611a-4990-a71e-8c3f3a20ab93}</UniqueIdentifier>
    </Filter>
    <Filter Include="소스 파일\BaekJoon\실패, 블로그 참조\블로그 참조">
      <UniqueIdentifier>{81c14cd9-8502-4194-8fd2-0d2451714708}</UniqueIdentifier>
    </Filter>
    <Filter Include="소스 파일\BaekJoon\실패, 블로그 참조\실패">
      <UniqueIdentifier>{93faa41c-3d4b-461a-9b7b-0417df028a31}</UniqueIdentifier>
    </Filter>
    <Filter Include="소스 파일\BaekJoon\BackTracking">
      <UniqueIdentifier>{7db9be2c-0e9a-46dd-8a85-3fabbd113ca9}</UniqueIdentifier>
    </Filter>
    <Filter Include="소스 파일\BaekJoon\BackTracking\N과M">
      <UniqueIdentifier>{cc03f5b9-64ed-4d24-9355-cc776dace6ca}</UniqueIdentifier>
    </Filter>
    <Filter Include="소스 파일\BaekJoon\BackTracking\별찍기">
      <UniqueIdentifier>{7ea4f203-bacf-47c5-8603-adfa68445076}</UniqueIdentifier>
    </Filter>
  </ItemGroup>
  <ItemGroup>
    <ClCompile Include="2143_두 배열의 합.cpp">
      <Filter>소스 파일\BaekJoon\Brute Force</Filter>
    </ClCompile>
    <ClCompile Include="2213_분해합.cpp">
      <Filter>소스 파일\BaekJoon\Brute Force</Filter>
    </ClCompile>
    <ClCompile Include="2309_일곱 난쟁이.cpp">
      <Filter>소스 파일\BaekJoon\Brute Force</Filter>
    </ClCompile>
    <ClCompile Include="3085_사탕게임.cpp">
      <Filter>소스 파일\BaekJoon\Brute Force</Filter>
    </ClCompile>
    <ClCompile Include="7453_합이 0인 네 정수.cpp">
      <Filter>소스 파일\BaekJoon\Brute Force</Filter>
    </ClCompile>
    <ClCompile Include="15649_N과M%281%29.cpp">
      <Filter>소스 파일\BaekJoon\Combination&amp;Permutation</Filter>
    </ClCompile>
    <ClCompile Include="11727_2n타일링 2.cpp">
      <Filter>소스 파일\BaekJoon\DP</Filter>
    </ClCompile>
    <ClCompile Include="11726_2n타일링_정답.cpp">
      <Filter>소스 파일\BaekJoon\DP</Filter>
    </ClCompile>
    <ClCompile Include="2096_내려가기.cpp">
      <Filter>소스 파일\BaekJoon\DP</Filter>
    </ClCompile>
    <ClCompile Include="10844_쉬운 계단 수.cpp">
      <Filter>소스 파일\BaekJoon\DP</Filter>
    </ClCompile>
    <ClCompile Include="11057_오르막수.cpp">
      <Filter>소스 파일\BaekJoon\DP</Filter>
    </ClCompile>
    <ClCompile Include="2748_피보나치 수2.cpp">
      <Filter>소스 파일\BaekJoon\DP</Filter>
    </ClCompile>
    <ClCompile Include="1652_누울자리.cpp">
      <Filter>소스 파일\BaekJoon\ETC</Filter>
    </ClCompile>
    <ClCompile Include="1110_더하기 사이클.cpp">
      <Filter>소스 파일\BaekJoon\ETC</Filter>
    </ClCompile>
    <ClCompile Include="8979_올림픽.cpp">
      <Filter>소스 파일\BaekJoon\ETC</Filter>
    </ClCompile>
    <ClCompile Include="2621_카드게임.cpp">
      <Filter>소스 파일\BaekJoon\ETC</Filter>
    </ClCompile>
    <ClCompile Include="2816_디지털 티비.cpp">
      <Filter>소스 파일\BaekJoon\Greedy</Filter>
    </ClCompile>
    <ClCompile Include="2805_나무 자르기.cpp">
      <Filter>소스 파일\BaekJoon\Search</Filter>
    </ClCompile>
    <ClCompile Include="1654_랜선 자르기.cpp">
      <Filter>소스 파일\BaekJoon\Search</Filter>
    </ClCompile>
    <ClCompile Include="17143_낚시왕.cpp">
      <Filter>소스 파일\BaekJoon\Simulation</Filter>
    </ClCompile>
    <ClCompile Include="2933_미네랄_정답.cpp">
      <Filter>소스 파일\BaekJoon\Simulation</Filter>
    </ClCompile>
    <ClCompile Include="1931_회의실 배정.cpp">
      <Filter>소스 파일\BaekJoon\Greedy</Filter>
    </ClCompile>
    <ClCompile Include="1152_단어의 개수.cpp">
      <Filter>소스 파일\BaekJoon\String</Filter>
    </ClCompile>
    <ClCompile Include="11279_최대 힙.cpp">
      <Filter>소스 파일\BaekJoon\Priority Queue</Filter>
    </ClCompile>
    <ClCompile Include="5430_AC.cpp">
      <Filter>소스 파일\BaekJoon\Deque</Filter>
    </ClCompile>
    <ClCompile Include="2042_구간 합 구하기.cpp">
      <Filter>소스 파일\BaekJoon\Segement Tree</Filter>
    </ClCompile>
    <ClCompile Include="2042_구간 합 구하기_정답.cpp">
      <Filter>소스 파일\BaekJoon\Segement Tree</Filter>
    </ClCompile>
    <ClCompile Include="정렬.cpp">
      <Filter>소스 파일</Filter>
    </ClCompile>
    <ClCompile Include="1753_최단경로.cpp">
      <Filter>소스 파일\BaekJoon\Graph\Dijkstra</Filter>
    </ClCompile>
    <ClCompile Include="1916_최소비용 구하기.cpp">
      <Filter>소스 파일\BaekJoon\Graph\Dijkstra</Filter>
    </ClCompile>
    <ClCompile Include="1197_최소 스패닝 트리.cpp">
      <Filter>소스 파일\BaekJoon\Graph\MST%28Kruskal, Prim%29</Filter>
    </ClCompile>
    <ClCompile Include="클래스, 구조체.cpp">
      <Filter>소스 파일</Filter>
    </ClCompile>
    <ClCompile Include="2577_숫자의 개수.cpp">
      <Filter>소스 파일\BaekJoon\Simulation</Filter>
    </ClCompile>
    <ClCompile Include="1475_방 번호.cpp">
      <Filter>소스 파일\BaekJoon\ETC</Filter>
    </ClCompile>
    <ClCompile Include="5397_키로거.cpp">
      <Filter>소스 파일\BaekJoon\Simulation</Filter>
    </ClCompile>
    <ClCompile Include="1158_조세퍼스.cpp">
      <Filter>소스 파일\BaekJoon\Structure</Filter>
    </ClCompile>
    <ClCompile Include="14499_주사위 굴리기.cpp">
      <Filter>소스 파일\BaekJoon\Simulation</Filter>
    </ClCompile>
    <ClCompile Include="1874_스택수열.cpp">
      <Filter>소스 파일\BaekJoon\Structure</Filter>
    </ClCompile>
    <ClCompile Include="2504_괄호의 값.cpp">
      <Filter>소스 파일\BaekJoon\Structure</Filter>
    </ClCompile>
    <ClCompile Include="1707_이분 그래프.cpp">
      <Filter>소스 파일\BaekJoon\Graph\DFS/BFS</Filter>
    </ClCompile>
    <ClCompile Include="1926_그림.cpp">
      <Filter>소스 파일\BaekJoon\Graph\DFS/BFS</Filter>
    </ClCompile>
    <ClCompile Include="2178_미로 탐색.cpp">
      <Filter>소스 파일\BaekJoon\Graph\DFS/BFS</Filter>
    </ClCompile>
    <ClCompile Include="2606_바이러스.cpp">
      <Filter>소스 파일\BaekJoon\Graph\DFS/BFS</Filter>
    </ClCompile>
    <ClCompile Include="4963_섬의 개수.cpp">
      <Filter>소스 파일\BaekJoon\Graph\DFS/BFS</Filter>
    </ClCompile>
    <ClCompile Include="7576_토마토.cpp">
      <Filter>소스 파일\BaekJoon\Graph\DFS/BFS</Filter>
    </ClCompile>
    <ClCompile Include="10451_순열 사이클.cpp">
      <Filter>소스 파일\BaekJoon\Graph\DFS/BFS</Filter>
    </ClCompile>
    <ClCompile Include="11724_연결요소의 개수.cpp">
      <Filter>소스 파일\BaekJoon\Graph\DFS/BFS</Filter>
    </ClCompile>
    <ClCompile Include="10026_적록색약.cpp">
      <Filter>소스 파일\BaekJoon\Graph\DFS/BFS</Filter>
    </ClCompile>
    <ClCompile Include="1629_곱셈.cpp">
      <Filter>소스 파일\BaekJoon\Divide&amp;Conquer%28Recursion%29</Filter>
    </ClCompile>
    <ClCompile Include="11729_하노이 탑 이동 순서.cpp">
      <Filter>소스 파일\BaekJoon\Divide&amp;Conquer%28Recursion%29</Filter>
    </ClCompile>
    <ClCompile Include="5427_불.cpp">
      <Filter>소스 파일\BaekJoon\Graph\DFS/BFS</Filter>
    </ClCompile>
    <ClCompile Include="1182_부분수열의 합.cpp">
      <Filter>소스 파일\BaekJoon\Brute Force</Filter>
    </ClCompile>
    <ClCompile Include="1074_Z.cpp">
      <Filter>소스 파일\BaekJoon\Divide&amp;Conquer%28Recursion%29</Filter>
    </ClCompile>
    <ClCompile Include="2661_좋은수열.cpp">
      <Filter>소스 파일\BaekJoon\BackTracking</Filter>
    </ClCompile>
    <ClCompile Include="2631_줄세우기.cpp">
      <Filter>소스 파일\BaekJoon\DP</Filter>
    </ClCompile>
    <ClCompile Include="2750_수 정렬하기.cpp">
      <Filter>소스 파일\BaekJoon\Sorting</Filter>
    </ClCompile>
    <ClCompile Include="2751_수 정렬하기 2.cpp">
      <Filter>소스 파일\BaekJoon\Sorting</Filter>
    </ClCompile>
    <ClCompile Include="10989_수 정렬하기 3.cpp">
      <Filter>소스 파일\BaekJoon\Sorting</Filter>
    </ClCompile>
    <ClCompile Include="2579_계단 오르기.cpp">
      <Filter>소스 파일\BaekJoon\DP</Filter>
    </ClCompile>
    <ClCompile Include="9251_LCS.cpp">
      <Filter>소스 파일\BaekJoon\DP</Filter>
    </ClCompile>
    <ClCompile Include="16234_인구이동.cpp">
      <Filter>소스 파일\BaekJoon\Simulation</Filter>
    </ClCompile>
    <ClCompile Include="9252_LCS 2.cpp">
      <Filter>소스 파일\BaekJoon\DP</Filter>
    </ClCompile>
    <ClCompile Include="16234_인구이동.cpp">
      <Filter>소스 파일\BaekJoon\Simulation</Filter>
    </ClCompile>
    <ClCompile Include="11047_동전 0.cpp">
      <Filter>소스 파일\BaekJoon\Greedy</Filter>
    </ClCompile>
    <ClCompile Include="2217_로프.cpp">
      <Filter>소스 파일\BaekJoon\Greedy</Filter>
    </ClCompile>
    <ClCompile Include="1541_잃어버린 괄호.cpp">
      <Filter>소스 파일\BaekJoon\Greedy</Filter>
    </ClCompile>
    <ClCompile Include="1744_수 묶기.cpp">
      <Filter>소스 파일\BaekJoon\Greedy</Filter>
    </ClCompile>
    <ClCompile Include="4811_알약.cpp">
      <Filter>소스 파일\BaekJoon\Divide&amp;Conquer%28Recursion%29</Filter>
    </ClCompile>
    <ClCompile Include="1256_사전.cpp">
      <Filter>소스 파일\BaekJoon\ETC</Filter>
    </ClCompile>
    <ClCompile Include="11728_배열 합치기.cpp">
      <Filter>소스 파일\BaekJoon\Divide&amp;Conquer%28Recursion%29</Filter>
    </ClCompile>
    <ClCompile Include="1759_암호 만들기.cpp">
      <Filter>소스 파일\BaekJoon\BackTracking</Filter>
    </ClCompile>
    <ClCompile Include="6603_로또.cpp">
      <Filter>소스 파일\BaekJoon\BackTracking</Filter>
    </ClCompile>
    <ClCompile Include="6603_로또_DFS.cpp">
      <Filter>소스 파일\BaekJoon\BackTracking</Filter>
    </ClCompile>
    <ClCompile Include="2193_이친수.cpp">
      <Filter>소스 파일\BaekJoon\DP</Filter>
    </ClCompile>
    <ClCompile Include="1920_수 찾기.cpp">
      <Filter>소스 파일\BaekJoon\Search</Filter>
    </ClCompile>
    <ClCompile Include="1759_암호만들기_DFS.cpp">
      <Filter>소스 파일\BaekJoon\BackTracking</Filter>
    </ClCompile>
    <ClCompile Include="1012_유기농 배추.cpp">
      <Filter>소스 파일\BaekJoon\Graph\DFS/BFS</Filter>
    </ClCompile>
    <ClCompile Include="2819_상근이의 로봇.cpp">
      <Filter>소스 파일\BaekJoon\ETC</Filter>
    </ClCompile>
    <ClCompile Include="2156_포도주 시식.cpp">
      <Filter>소스 파일\BaekJoon\DP</Filter>
    </ClCompile>
    <ClCompile Include="10815_숫자 카드.cpp">
      <Filter>소스 파일\BaekJoon\Search</Filter>
    </ClCompile>
    <ClCompile Include="10816_숫자 카드2.cpp">
      <Filter>소스 파일\BaekJoon\Search</Filter>
    </ClCompile>
    <ClCompile Include="10816_숫자 카드2_map사용.cpp">
      <Filter>소스 파일\BaekJoon\Search</Filter>
    </ClCompile>
    <ClCompile Include="1764_듣보잡.cpp">
      <Filter>소스 파일\BaekJoon\Structure</Filter>
    </ClCompile>
    <ClCompile Include="1717_집합의 표현.cpp">
      <Filter>소스 파일\BaekJoon\Graph\Union-Find%28Disjoint-set%29</Filter>
    </ClCompile>
    <ClCompile Include="11559_Puyo Puyo.cpp">
      <Filter>소스 파일\BaekJoon\Simulation</Filter>
    </ClCompile>
    <ClCompile Include="16113_시그널.cpp">
      <Filter>소스 파일\BaekJoon\Simulation</Filter>
    </ClCompile>
    <ClCompile Include="2252_줄 세우기.cpp">
      <Filter>소스 파일\BaekJoon\Graph\Topological Sort</Filter>
    </ClCompile>
    <ClCompile Include="SWEA_1249_보급로.cpp">
      <Filter>소스 파일</Filter>
    </ClCompile>
    <ClCompile Include="15649_N과 M(1).cpp">
      <Filter>소스 파일\BaekJoon\BackTracking\N과M</Filter>
    </ClCompile>
    <ClCompile Include="15650_N과 M(2).cpp">
      <Filter>소스 파일\BaekJoon\BackTracking\N과M</Filter>
    </ClCompile>
    <ClCompile Include="1697_숨바꼭질.cpp">
      <Filter>소스 파일\BaekJoon\Graph\DFS/BFS</Filter>
    </ClCompile>
    <ClCompile Include="1922_네트워크 연결.cpp">
      <Filter>소스 파일\BaekJoon\Graph\MST%28Kruskal, Prim%29</Filter>
    </ClCompile>
    <ClCompile Include="17070_파이프 옮기기 1.cpp">
      <Filter>소스 파일\BaekJoon\Simulation</Filter>
    </ClCompile>
    <ClCompile Include="11404_플로이드.cpp">
      <Filter>소스 파일\BaekJoon\Graph\Floyd-Warshall</Filter>
    </ClCompile>
    <ClCompile Include="11657_타임머신.cpp">
      <Filter>소스 파일\BaekJoon\Graph\Bellman-Ford</Filter>
    </ClCompile>
    <ClCompile Include="3020_개똥벌레.cpp">
      <Filter>소스 파일\BaekJoon\Search</Filter>
    </ClCompile>
    <ClCompile Include="5014_스타트링크.cpp">
      <Filter>소스 파일\BaekJoon\Simulation</Filter>
    </ClCompile>
    <ClCompile Include="10971_외판원 순회2.cpp">
      <Filter>소스 파일\BaekJoon\Brute Force</Filter>
    </ClCompile>
    <ClCompile Include="1976_여행 가자.cpp">
      <Filter>소스 파일\BaekJoon\Graph\Union-Find%28Disjoint-set%29</Filter>
    </ClCompile>
    <ClCompile Include="15686_치킨 배달.cpp">
      <Filter>소스 파일\BaekJoon\Brute Force</Filter>
    </ClCompile>
    <ClCompile Include="17779_게리맨더링 2.cpp">
      <Filter>소스 파일\BaekJoon\Simulation</Filter>
    </ClCompile>
    <ClCompile Include="1987_알파벳.cpp">
      <Filter>소스 파일\BaekJoon\BackTracking</Filter>
    </ClCompile>
    <ClCompile Include="14502_연구소.cpp">
      <Filter>소스 파일\BaekJoon\Graph\DFS/BFS</Filter>
    </ClCompile>
    <ClCompile Include="11561_징검다리.cpp">
      <Filter>소스 파일\BaekJoon\Search</Filter>
    </ClCompile>
    <ClCompile Include="2146_다리 만들기.cpp">
      <Filter>소스 파일\BaekJoon\Graph\DFS/BFS</Filter>
    </ClCompile>
    <ClCompile Include="11403_경로찾기.cpp">
      <Filter>소스 파일\BaekJoon\Graph\Floyd-Warshall</Filter>
    </ClCompile>
    <ClCompile Include="1138_한 줄로서기.cpp">
      <Filter>소스 파일\BaekJoon\Greedy</Filter>
    </ClCompile>
    <ClCompile Include="1476_날짜 계산.cpp">
      <Filter>소스 파일\BaekJoon\Greedy</Filter>
    </ClCompile>
    <ClCompile Include="11053_가장 긴 증가하는 부분 수열.cpp">
      <Filter>소스 파일\BaekJoon\DP</Filter>
    </ClCompile>
    <ClCompile Include="15683_감시.cpp">
      <Filter>소스 파일\BaekJoon\Simulation</Filter>
    </ClCompile>
    <ClCompile Include="1620_나는야 포켓몬 마스터 이다솜.cpp">
      <Filter>소스 파일\BaekJoon\Search</Filter>
    </ClCompile>
    <ClCompile Include="17281_야구.cpp">
      <Filter>소스 파일\BaekJoon\Simulation</Filter>
    </ClCompile>
    <ClCompile Include="2583_영역 구하기.cpp">
      <Filter>소스 파일\BaekJoon\Graph\DFS/BFS</Filter>
    </ClCompile>
    <ClCompile Include="2468_안전영역.cpp">
      <Filter>소스 파일\BaekJoon\Graph\DFS/BFS</Filter>
    </ClCompile>
    <ClCompile Include="7562_나이트의 이동.cpp">
      <Filter>소스 파일\BaekJoon\Graph\DFS/BFS</Filter>
    </ClCompile>
    <ClCompile Include="2512_예산.cpp">
      <Filter>소스 파일\BaekJoon\Search</Filter>
    </ClCompile>
    <ClCompile Include="4195_친구 네트워크.cpp">
      <Filter>소스 파일\BaekJoon\Graph\Union-Find%28Disjoint-set%29</Filter>
    </ClCompile>
    <ClCompile Include="5567_결혼식.cpp">
      <Filter>소스 파일\BaekJoon\Graph\DFS/BFS</Filter>
    </ClCompile>
    <ClCompile Include="14503_로봇 청소기.cpp">
      <Filter>소스 파일\BaekJoon\Simulation</Filter>
    </ClCompile>
    <ClCompile Include="1965_상자넣기.cpp">
      <Filter>소스 파일\BaekJoon\DP</Filter>
    </ClCompile>
    <ClCompile Include="2343_기타레슨.cpp">
      <Filter>소스 파일\BaekJoon\Search</Filter>
    </ClCompile>
    <ClCompile Include="1302_베스트셀러.cpp">
      <Filter>소스 파일\BaekJoon\Structure</Filter>
    </ClCompile>
    <ClCompile Include="17406_배열 돌리기4.cpp">
      <Filter>소스 파일\BaekJoon\Simulation</Filter>
    </ClCompile>
    <ClCompile Include="DFS로 순열, 조합 구하기.cpp">
      <Filter>소스 파일\BaekJoon</Filter>
    </ClCompile>
    <ClCompile Include="2468_안전영역_DFS.cpp">
      <Filter>소스 파일\BaekJoon\Graph\DFS/BFS</Filter>
    </ClCompile>
    <ClCompile Include="18429_근손실.cpp">
      <Filter>소스 파일\BaekJoon\Combination&amp;Permutation</Filter>
    </ClCompile>
    <ClCompile Include="18353_병사 배치하기.cpp">
      <Filter>소스 파일\BaekJoon\DP</Filter>
    </ClCompile>
    <ClCompile Include="18352_특정 거리의 도시 찾기.cpp">
      <Filter>소스 파일\BaekJoon\Graph\DFS/BFS</Filter>
    </ClCompile>
    <ClCompile Include="18428_감시 피하기.cpp">
      <Filter>소스 파일\BaekJoon\Graph\DFS/BFS</Filter>
    </ClCompile>
    <ClCompile Include="17135_캐슬 디펜스.cpp">
      <Filter>소스 파일\BaekJoon\Simulation</Filter>
    </ClCompile>
    <ClCompile Include="1639_행운의 티켓.cpp">
      <Filter>소스 파일\BaekJoon\ETC</Filter>
    </ClCompile>
    <ClCompile Include="11048_이동하기.cpp">
      <Filter>소스 파일\BaekJoon\DP</Filter>
    </ClCompile>
    <ClCompile Include="코드 템플릿.cpp">
      <Filter>소스 파일</Filter>
    </ClCompile>
    <ClCompile Include="15651_N과 M%283%29.cpp">
      <Filter>소스 파일\BaekJoon\BackTracking\N과M</Filter>
    </ClCompile>
    <ClCompile Include="15652_N과 M(4).cpp">
      <Filter>소스 파일\BaekJoon\BackTracking\N과M</Filter>
    </ClCompile>
    <ClCompile Include="1261_알고스팟.cpp">
      <Filter>소스 파일\BaekJoon\실패, 블로그 참조\블로그 참조</Filter>
    </ClCompile>
    <ClCompile Include="1477_휴게소 세우기.cpp">
      <Filter>소스 파일\BaekJoon\실패, 블로그 참조\블로그 참조</Filter>
    </ClCompile>
    <ClCompile Include="1520_내리막 길.cpp">
      <Filter>소스 파일\BaekJoon\실패, 블로그 참조\블로그 참조</Filter>
    </ClCompile>
    <ClCompile Include="1005_ACM Craft.cpp">
      <Filter>소스 파일\BaekJoon\실패, 블로그 참조\실패</Filter>
    </ClCompile>
    <ClCompile Include="1389_케빈 베이컨의 6단계 법칙.cpp">
      <Filter>소스 파일\BaekJoon\실패, 블로그 참조\실패</Filter>
    </ClCompile>
    <ClCompile Include="1647_도시 분할 계획.cpp">
      <Filter>소스 파일\BaekJoon\실패, 블로그 참조\블로그 참조</Filter>
    </ClCompile>
    <ClCompile Include="1937_욕심쟁이 판다.cpp">
      <Filter>소스 파일\BaekJoon\실패, 블로그 참조\블로그 참조</Filter>
    </ClCompile>
    <ClCompile Include="2110_공유기 설치.cpp">
      <Filter>소스 파일\BaekJoon\실패, 블로그 참조\실패</Filter>
    </ClCompile>
    <ClCompile Include="2133_타일 채우기.cpp">
      <Filter>소스 파일\BaekJoon\실패, 블로그 참조\실패</Filter>
    </ClCompile>
    <ClCompile Include="2869_달팽이는 올라가고 싶다.cpp">
      <Filter>소스 파일\BaekJoon\실패, 블로그 참조\실패</Filter>
    </ClCompile>
    <ClCompile Include="2933_미네랄.cpp">
      <Filter>소스 파일\BaekJoon\실패, 블로그 참조\실패</Filter>
    </ClCompile>
    <ClCompile Include="9019_DSLR.cpp">
      <Filter>소스 파일\BaekJoon\실패, 블로그 참조\실패</Filter>
    </ClCompile>
    <ClCompile Include="9207_페그 솔리테어.cpp">
      <Filter>소스 파일\BaekJoon\실패, 블로그 참조\실패</Filter>
    </ClCompile>
    <ClCompile Include="9465_스티커.cpp">
      <Filter>소스 파일\BaekJoon\실패, 블로그 참조\실패</Filter>
    </ClCompile>
    <ClCompile Include="9663_N-Queen.cpp">
      <Filter>소스 파일\BaekJoon\실패, 블로그 참조\실패</Filter>
    </ClCompile>
    <ClCompile Include="14501_퇴사.cpp">
      <Filter>소스 파일\BaekJoon\실패, 블로그 참조\실패</Filter>
    </ClCompile>
    <ClCompile Include="14890_경사로.cpp">
      <Filter>소스 파일\BaekJoon\실패, 블로그 참조\실패</Filter>
    </ClCompile>
    <ClCompile Include="16235_나무 재테크.cpp">
      <Filter>소스 파일\BaekJoon\실패, 블로그 참조\블로그 참조</Filter>
    </ClCompile>
    <ClCompile Include="17140_이차원 배열과 연산.cpp">
      <Filter>소스 파일\BaekJoon\실패, 블로그 참조\실패</Filter>
    </ClCompile>
    <ClCompile Include="17472_다리 만들기2.cpp">
      <Filter>소스 파일\BaekJoon\실패, 블로그 참조\실패</Filter>
    </ClCompile>
    <ClCompile Include="18430_무기 공학.cpp">
      <Filter>소스 파일\BaekJoon\실패, 블로그 참조\실패</Filter>
    </ClCompile>
    <ClCompile Include="17144_미세먼지 안녕.cpp">
      <Filter>소스 파일\BaekJoon\Simulation</Filter>
    </ClCompile>
    <ClCompile Include="1238_파티.cpp">
      <Filter>소스 파일\BaekJoon\Graph\Dijkstra</Filter>
    </ClCompile>
    <ClCompile Include="1072_게임.cpp">
      <Filter>소스 파일\BaekJoon\실패, 블로그 참조\블로그 참조</Filter>
    </ClCompile>
    <ClCompile Include="1300_K번째 수.cpp">
      <Filter>소스 파일\BaekJoon\실패, 블로그 참조\블로그 참조</Filter>
    </ClCompile>
    <ClCompile Include="1107_리모컨.cpp">
      <Filter>소스 파일\BaekJoon\실패, 블로그 참조\실패</Filter>
    </ClCompile>
    <ClCompile Include="1208_부분수열의 합2.cpp">
      <Filter>소스 파일\BaekJoon\실패, 블로그 참조\실패</Filter>
    </ClCompile>
    <ClCompile Include="14938_서강 그라운드.cpp">
      <Filter>소스 파일\BaekJoon\Graph\Floyd-Warshall</Filter>
    </ClCompile>
    <ClCompile Include="2151_거울 설치.cpp">
      <Filter>소스 파일\BaekJoon\실패, 블로그 참조\블로그 참조</Filter>
    </ClCompile>
    <ClCompile Include="16637_괄호 추가하기.cpp">
      <Filter>소스 파일\BaekJoon\실패, 블로그 참조\블로그 참조</Filter>
    </ClCompile>
    <ClCompile Include="1365_꼬인 전깃줄.cpp">
      <Filter>소스 파일\BaekJoon\DP</Filter>
    </ClCompile>
    <ClCompile Include="2075_N번째 큰 수.cpp">
      <Filter>소스 파일\BaekJoon\Priority Queue</Filter>
    </ClCompile>
    <ClCompile Include="14567_선수과목.cpp">
      <Filter>소스 파일\BaekJoon\DP</Filter>
    </ClCompile>
    <ClCompile Include="6087_레이저 통신.cpp">
      <Filter>소스 파일\BaekJoon\실패, 블로그 참조\블로그 참조</Filter>
    </ClCompile>
    <ClCompile Include="17142_연구소 3.cpp">
      <Filter>소스 파일\BaekJoon\실패, 블로그 참조\블로그 참조</Filter>
    </ClCompile>
    <ClCompile Include="1992_쿼드트리.cpp">
      <Filter>소스 파일\BaekJoon\실패, 블로그 참조\실패</Filter>
    </ClCompile>
    <ClCompile Include="2630_색종이 만들기.cpp">
      <Filter>소스 파일\BaekJoon\실패, 블로그 참조\블로그 참조</Filter>
    </ClCompile>
    <ClCompile Include="2458_키 순서.cpp">
      <Filter>소스 파일\BaekJoon\실패, 블로그 참조\블로그 참조</Filter>
    </ClCompile>
    <ClCompile Include="13023_ABCDE.cpp">
      <Filter>소스 파일\BaekJoon\Graph\DFS/BFS</Filter>
    </ClCompile>
    <ClCompile Include="2573_빙산.cpp">
      <Filter>소스 파일\BaekJoon\Graph\DFS/BFS</Filter>
    </ClCompile>
    <ClCompile Include="1034_램프.cpp">
      <Filter>소스 파일\BaekJoon\실패, 블로그 참조\실패</Filter>
    </ClCompile>
    <ClCompile Include="12019_동아리방 청소!.cpp">
      <Filter>소스 파일\BaekJoon\실패, 블로그 참조\실패</Filter>
    </ClCompile>
    <ClCompile Include="12869_뮤탈리스크.cpp">
      <Filter>소스 파일\BaekJoon\실패, 블로그 참조\실패</Filter>
    </ClCompile>
    <ClCompile Include="15988_1,2,3 더하기 3.cpp">
      <Filter>소스 파일\BaekJoon\실패, 블로그 참조\블로그 참조</Filter>
    </ClCompile>
    <ClCompile Include="1939_중량제한.cpp">
      <Filter>소스 파일\BaekJoon\실패, 블로그 참조\블로그 참조</Filter>
    </ClCompile>
    <ClCompile Include="16988_Baaaaaaaaaduk2 (Easy).cpp">
      <Filter>소스 파일\BaekJoon\Simulation</Filter>
    </ClCompile>
    <ClCompile Include="4485_녹색 옷 입은 애가 젤다지.cpp">
      <Filter>소스 파일\BaekJoon\Graph\Dijkstra</Filter>
    </ClCompile>
    <ClCompile Include="2번 - Gaaaaaaaaaarden.cpp">
      <Filter>소스 파일\BaekJoon\실패, 블로그 참조\실패</Filter>
    </ClCompile>
    <ClCompile Include="16562_친구비.cpp">
      <Filter>소스 파일\BaekJoon\Graph\Union-Find%28Disjoint-set%29</Filter>
    </ClCompile>
    <ClCompile Include="13904_과제.cpp">
      <Filter>소스 파일</Filter>
    </ClCompile>
    <ClCompile Include="2211_네트워크 복구.cpp">
      <Filter>소스 파일\BaekJoon\실패, 블로그 참조\실패</Filter>
    </ClCompile>
    <ClCompile Include="2206_벽 부수고 이동하기.cpp">
      <Filter>소스 파일\BaekJoon\실패, 블로그 참조\블로그 참조</Filter>
    </ClCompile>
    <ClCompile Include="2210_숫자판 점프.cpp">
      <Filter>소스 파일\BaekJoon\BackTracking</Filter>
    </ClCompile>
    <ClCompile Include="14889_스타트와 링크.cpp">
      <Filter>소스 파일\BaekJoon\BackTracking</Filter>
    </ClCompile>
    <ClCompile Include="14497_주난의 난.cpp">
      <Filter>소스 파일\BaekJoon\Graph\DFS/BFS</Filter>
    </ClCompile>
    <ClCompile Include="15661_링크와 스타트.cpp">
      <Filter>소스 파일\BaekJoon\BackTracking</Filter>
    </ClCompile>
    <ClCompile Include="15486_퇴사 2.cpp">
      <Filter>소스 파일\BaekJoon\실패, 블로그 참조\블로그 참조</Filter>
    </ClCompile>
  </ItemGroup>
  <ItemGroup>
    <Text Include="input.txt">
      <Filter>리소스 파일</Filter>
    </Text>
  </ItemGroup>
</Project>