<?xml version="1.0" encoding="utf-8"?>
<Project ToolsVersion="4.0" xmlns="http://schemas.microsoft.com/developer/msbuild/2003">
  <ItemGroup>
    <Filter Include="소스 파일">
      <UniqueIdentifier>{4FC737F1-C7A5-4376-A066-2A32D752A2FF}</UniqueIdentifier>
      <Extensions>cpp;c;cc;cxx;def;odl;idl;hpj;bat;asm;asmx</Extensions>
    </Filter>
    <Filter Include="헤더 파일">
      <UniqueIdentifier>{93995380-89BD-4b04-88EB-625FBE52EBFB}</UniqueIdentifier>
      <Extensions>h;hh;hpp;hxx;hm;inl;inc;ipp;xsd</Extensions>
    </Filter>
    <Filter Include="리소스 파일">
      <UniqueIdentifier>{67DA6AB6-F800-4c08-8B7A-83BB121AAD01}</UniqueIdentifier>
      <Extensions>rc;ico;cur;bmp;dlg;rc2;rct;bin;rgs;gif;jpg;jpeg;jpe;resx;tiff;tif;png;wav;mfcribbon-ms</Extensions>
    </Filter>
    <Filter Include="소스 파일\BaekJoon">
      <UniqueIdentifier>{d9dcf904-ee67-4e48-9249-8e2b2780708e}</UniqueIdentifier>
    </Filter>
    <Filter Include="소스 파일\BaekJoon\Graph">
      <UniqueIdentifier>{38bc620a-b447-4963-abf8-61426a65cc4d}</UniqueIdentifier>
    </Filter>
    <Filter Include="소스 파일\BaekJoon\DP">
      <UniqueIdentifier>{9d4832a0-96b3-4f37-9001-fb914e870ef7}</UniqueIdentifier>
    </Filter>
    <Filter Include="소스 파일\BaekJoon\Greedy">
      <UniqueIdentifier>{cf807df6-5835-48c4-9082-3a2db4a88fd2}</UniqueIdentifier>
    </Filter>
    <Filter Include="소스 파일\BaekJoon\Brute Force">
      <UniqueIdentifier>{54ec1e85-6d12-48c8-ab55-57545b6341ec}</UniqueIdentifier>
    </Filter>
    <Filter Include="소스 파일\BaekJoon\Search">
      <UniqueIdentifier>{485921d1-d780-4939-8f10-bca0a6e30d27}</UniqueIdentifier>
    </Filter>
    <Filter Include="소스 파일\BaekJoon\ETC">
      <UniqueIdentifier>{10a6de85-671d-4f92-9f01-871079229b1e}</UniqueIdentifier>
    </Filter>
    <Filter Include="소스 파일\BaekJoon\BackTracking">
      <UniqueIdentifier>{7db9be2c-0e9a-46dd-8a85-3fabbd113ca9}</UniqueIdentifier>
    </Filter>
    <Filter Include="소스 파일\BaekJoon\Combination&amp;Permutation">
      <UniqueIdentifier>{f6522faf-09a8-4350-9413-a5997b969607}</UniqueIdentifier>
    </Filter>
    <Filter Include="소스 파일\BaekJoon\Simulation">
      <UniqueIdentifier>{4862a48f-6833-4073-a886-fab18f3b0ef7}</UniqueIdentifier>
    </Filter>
    <Filter Include="소스 파일\BaekJoon\String">
      <UniqueIdentifier>{0826a830-a59a-4019-9f2a-49d9187f55a8}</UniqueIdentifier>
    </Filter>
    <Filter Include="소스 파일\BaekJoon\Priority Queue">
      <UniqueIdentifier>{7b24361d-4ba0-4169-99c6-35f6f8828102}</UniqueIdentifier>
    </Filter>
    <Filter Include="소스 파일\BaekJoon\Deque">
      <UniqueIdentifier>{44e4088b-2c50-4bfc-a06d-7ff686ca526e}</UniqueIdentifier>
    </Filter>
    <Filter Include="소스 파일\BaekJoon\Segement Tree">
      <UniqueIdentifier>{3ae7edb3-b723-498d-831a-437921d4cbe5}</UniqueIdentifier>
    </Filter>
    <Filter Include="소스 파일\BaekJoon\Graph\Dijkstra">
      <UniqueIdentifier>{d17450e0-f0be-4703-81d6-103fe362ce87}</UniqueIdentifier>
    </Filter>
    <Filter Include="소스 파일\BaekJoon\Graph\MST">
      <UniqueIdentifier>{d44cb165-e14a-46d2-a4f6-0e2af5b1a59c}</UniqueIdentifier>
    </Filter>
    <Filter Include="소스 파일\BaekJoon\Structure">
      <UniqueIdentifier>{5b285fbc-3833-4257-8211-b208f0eadc5c}</UniqueIdentifier>
    </Filter>
  </ItemGroup>
  <ItemGroup>
    <ClCompile Include="소스.cpp">
      <Filter>소스 파일\BaekJoon\BackTracking</Filter>
    </ClCompile>
    <ClCompile Include="2143_두 배열의 합.cpp">
      <Filter>소스 파일\BaekJoon\Brute Force</Filter>
    </ClCompile>
    <ClCompile Include="2213_분해합.cpp">
      <Filter>소스 파일\BaekJoon\Brute Force</Filter>
    </ClCompile>
    <ClCompile Include="2309_일곱 난쟁이.cpp">
      <Filter>소스 파일\BaekJoon\Brute Force</Filter>
    </ClCompile>
    <ClCompile Include="3085_사탕게임.cpp">
      <Filter>소스 파일\BaekJoon\Brute Force</Filter>
    </ClCompile>
    <ClCompile Include="7453_합이 0인 네 정수.cpp">
      <Filter>소스 파일\BaekJoon\Brute Force</Filter>
    </ClCompile>
    <ClCompile Include="15649_N과M%281%29.cpp">
      <Filter>소스 파일\BaekJoon\Combination&amp;Permutation</Filter>
    </ClCompile>
    <ClCompile Include="11727_2n타일링 2.cpp">
      <Filter>소스 파일\BaekJoon\DP</Filter>
    </ClCompile>
    <ClCompile Include="9215_LCS.cpp">
      <Filter>소스 파일\BaekJoon\DP</Filter>
    </ClCompile>
    <ClCompile Include="11726_2n타일링_정답.cpp">
      <Filter>소스 파일\BaekJoon\DP</Filter>
    </ClCompile>
    <ClCompile Include="2096_내려가기.cpp">
      <Filter>소스 파일\BaekJoon\DP</Filter>
    </ClCompile>
    <ClCompile Include="10844_쉬운 계단 수.cpp">
      <Filter>소스 파일\BaekJoon\DP</Filter>
    </ClCompile>
    <ClCompile Include="11057_오르막수.cpp">
      <Filter>소스 파일\BaekJoon\DP</Filter>
    </ClCompile>
    <ClCompile Include="2748_피보나치 수2.cpp">
      <Filter>소스 파일\BaekJoon\DP</Filter>
    </ClCompile>
    <ClCompile Include="1652_누울자리.cpp">
      <Filter>소스 파일\BaekJoon\ETC</Filter>
    </ClCompile>
    <ClCompile Include="1110_더하기 사이클.cpp">
      <Filter>소스 파일\BaekJoon\ETC</Filter>
    </ClCompile>
    <ClCompile Include="8979_올림픽.cpp">
      <Filter>소스 파일\BaekJoon\ETC</Filter>
    </ClCompile>
    <ClCompile Include="2621_카드게임.cpp">
      <Filter>소스 파일\BaekJoon\ETC</Filter>
    </ClCompile>
    <ClCompile Include="2606_바이러스.cpp">
      <Filter>소스 파일\BaekJoon\Graph</Filter>
    </ClCompile>
    <ClCompile Include="4963_섬의 개수.cpp">
      <Filter>소스 파일\BaekJoon\Graph</Filter>
    </ClCompile>
    <ClCompile Include="11724_연결요소의 개수.cpp">
      <Filter>소스 파일\BaekJoon\Graph</Filter>
    </ClCompile>
    <ClCompile Include="1707_이분 그래프.cpp">
      <Filter>소스 파일\BaekJoon\Graph</Filter>
    </ClCompile>
    <ClCompile Include="2816_디지털 티비.cpp">
      <Filter>소스 파일\BaekJoon\Greedy</Filter>
    </ClCompile>
    <ClCompile Include="2805_나무 자르기.cpp">
      <Filter>소스 파일\BaekJoon\Search</Filter>
    </ClCompile>
    <ClCompile Include="1654_랜선 자르기.cpp">
      <Filter>소스 파일\BaekJoon\Search</Filter>
    </ClCompile>
    <ClCompile Include="16235_나무 재테크.cpp">
      <Filter>소스 파일\BaekJoon\Simulation</Filter>
    </ClCompile>
    <ClCompile Include="17143_낚시왕.cpp">
      <Filter>소스 파일\BaekJoon\Simulation</Filter>
    </ClCompile>
    <ClCompile Include="2933_미네랄.cpp">
      <Filter>소스 파일\BaekJoon\Simulation</Filter>
    </ClCompile>
    <ClCompile Include="2933_미네랄_정답.cpp">
      <Filter>소스 파일\BaekJoon\Simulation</Filter>
    </ClCompile>
    <ClCompile Include="17144_미세먼지 안녕.cpp">
      <Filter>소스 파일\BaekJoon\Simulation</Filter>
    </ClCompile>
    <ClCompile Include="1931_회의실 배정.cpp">
      <Filter>소스 파일\BaekJoon\Greedy</Filter>
    </ClCompile>
    <ClCompile Include="1152_단어의 개수.cpp">
      <Filter>소스 파일\BaekJoon\String</Filter>
    </ClCompile>
    <ClCompile Include="11279_최대 힙.cpp">
      <Filter>소스 파일\BaekJoon\Priority Queue</Filter>
    </ClCompile>
    <ClCompile Include="5430_AC.cpp">
      <Filter>소스 파일\BaekJoon\Deque</Filter>
    </ClCompile>
    <ClCompile Include="2042_구간 합 구하기.cpp">
      <Filter>소스 파일\BaekJoon\Segement Tree</Filter>
    </ClCompile>
    <ClCompile Include="2042_구간 합 구하기_정답.cpp">
      <Filter>소스 파일\BaekJoon\Segement Tree</Filter>
    </ClCompile>
    <ClCompile Include="정렬.cpp">
      <Filter>소스 파일</Filter>
    </ClCompile>
    <ClCompile Include="10451_순열 사이클.cpp">
      <Filter>소스 파일\BaekJoon\Graph</Filter>
    </ClCompile>
    <ClCompile Include="1753_최단경로.cpp">
      <Filter>소스 파일\BaekJoon\Graph\Dijkstra</Filter>
    </ClCompile>
    <ClCompile Include="1916_최소비용 구하기.cpp">
      <Filter>소스 파일\BaekJoon\Graph\Dijkstra</Filter>
    </ClCompile>
    <ClCompile Include="1197_최소 스패닝 트리.cpp">
      <Filter>소스 파일\BaekJoon\Graph\MST</Filter>
    </ClCompile>
    <ClCompile Include="클래스, 구조체.cpp">
      <Filter>소스 파일</Filter>
    </ClCompile>
    <ClCompile Include="실패_2211_네트워크 복구.cpp">
      <Filter>소스 파일\BaekJoon\Graph\Dijkstra</Filter>
    </ClCompile>
    <ClCompile Include="2133_타일 채우기.cpp">
      <Filter>소스 파일\BaekJoon\DP</Filter>
    </ClCompile>
    <ClCompile Include="7576_토마토.cpp">
      <Filter>소스 파일\BaekJoon\Graph</Filter>
    </ClCompile>
    <ClCompile Include="2577_숫자의 개수.cpp">
      <Filter>소스 파일\BaekJoon\Simulation</Filter>
    </ClCompile>
    <ClCompile Include="1475_방 번호.cpp">
      <Filter>소스 파일\BaekJoon\ETC</Filter>
    </ClCompile>
    <ClCompile Include="5397_키로거.cpp">
      <Filter>소스 파일\BaekJoon\Simulation</Filter>
    </ClCompile>
    <ClCompile Include="1158_조세퍼스.cpp">
      <Filter>소스 파일\BaekJoon\Structure</Filter>
    </ClCompile>
    <ClCompile Include="1874_스택수열.cpp">
      <Filter>소스 파일\BaekJoon\Structure</Filter>
    </ClCompile>
  </ItemGroup>
</Project>